Microsoft Visual Studio Solution File, Format Version 11.00
# Visual Studio 2008

Project("{B4638BB5-3D58-1069-21DC-9C5414853F35}") = "Portal - Copy (2)", "Assembly-CSharp-firstpass.csproj", "{268AE7EF-3D6D-5A97-FED6-FC55D46888B0}"
EndProject
Project("{B4638BB5-3D58-1069-21DC-9C5414853F35}") = "Portal - Copy (2)", "Assembly-CSharp.csproj", "{675BB67B-F872-B229-877E-0E000FE83647}"
EndProject
Project("{B4638BB5-3D58-1069-21DC-9C5414853F35}") = "Portal - Copy (2)", "Assembly-CSharp-Editor.csproj", "{AF0732CC-984F-667C-1BA2-72681F99D892}"
EndProject
Global
	GlobalSection(SolutionConfigurationPlatforms) = preSolution
		Debug|Any CPU = Debug|Any CPU
		Release|Any CPU = Release|Any CPU
	EndGlobalSection
	GlobalSection(ProjectConfigurationPlatforms) = postSolution
		{268AE7EF-3D6D-5A97-FED6-FC55D46888B0}.Debug|Any CPU.ActiveCfg = Debug|Any CPU
		{268AE7EF-3D6D-5A97-FED6-FC55D46888B0}.Debug|Any CPU.Build.0 = Debug|Any CPU
		{268AE7EF-3D6D-5A97-FED6-FC55D46888B0}.Release|Any CPU.ActiveCfg = Release|Any CPU
		{268AE7EF-3D6D-5A97-FED6-FC55D46888B0}.Release|Any CPU.Build.0 = Release|Any CPU
		{675BB67B-F872-B229-877E-0E000FE83647}.Debug|Any CPU.ActiveCfg = Debug|Any CPU
		{675BB67B-F872-B229-877E-0E000FE83647}.Debug|Any CPU.Build.0 = Debug|Any CPU
		{675BB67B-F872-B229-877E-0E000FE83647}.Release|Any CPU.ActiveCfg = Release|Any CPU
		{675BB67B-F872-B229-877E-0E000FE83647}.Release|Any CPU.Build.0 = Release|Any CPU
		{AF0732CC-984F-667C-1BA2-72681F99D892}.Debug|Any CPU.ActiveCfg = Debug|Any CPU
		{AF0732CC-984F-667C-1BA2-72681F99D892}.Debug|Any CPU.Build.0 = Debug|Any CPU
		{AF0732CC-984F-667C-1BA2-72681F99D892}.Release|Any CPU.ActiveCfg = Release|Any CPU
		{AF0732CC-984F-667C-1BA2-72681F99D892}.Release|Any CPU.Build.0 = Release|Any CPU
	EndGlobalSection
	GlobalSection(SolutionProperties) = preSolution
		HideSolutionNode = FALSE
	EndGlobalSection
	GlobalSection(MonoDevelopProperties) = preSolution
		StartupItem = Assembly-CSharp.csproj
	EndGlobalSection
EndGlobal
